
Microsoft Visual Studio Solution File, Format Version 12.00
# Visual Studio Version 17
VisualStudioVersion = 17.0.32014.148
MinimumVisualStudioVersion = 10.0.40219.1
Project("{FAE04EC0-301F-11D3-BF4B-00C04F79EFBC}") = "lacoFor", "lacoFor\lacoFor.csproj", "{B466EF1D-9876-4813-8192-711FE4F9BDAA}"
EndProject
Global
	GlobalSection(SolutionConfigurationPlatforms) = preSolution
		Debug|Any CPU = Debug|Any CPU
		Release|Any CPU = Release|Any CPU
	EndGlobalSection
	GlobalSection(ProjectConfigurationPlatforms) = postSolution
		{B466EF1D-9876-4813-8192-711FE4F9BDAA}.Debug|Any CPU.ActiveCfg = Debug|Any CPU
		{B466EF1D-9876-4813-8192-711FE4F9BDAA}.Debug|Any CPU.Build.0 = Debug|Any CPU
		{B466EF1D-9876-4813-8192-711FE4F9BDAA}.Release|Any CPU.ActiveCfg = Release|Any CPU
		{B466EF1D-9876-4813-8192-711FE4F9BDAA}.Release|Any CPU.Build.0 = Release|Any CPU
	EndGlobalSection
	GlobalSection(SolutionProperties) = preSolution
		HideSolutionNode = FALSE
	EndGlobalSection
	GlobalSection(ExtensibilityGlobals) = postSolution
		SolutionGuid = {7C5AF956-F49C-4EC9-A7B9-16647468FBFA}
	EndGlobalSection
EndGlobal
